
Microsoft Visual Studio Solution File, Format Version 12.00
# Visual Studio Version 16
VisualStudioVersion = 16.0.34931.43
MinimumVisualStudioVersion = 10.0.40219.1
Project("{FAE04EC0-301F-11D3-BF4B-00C04F79EFBC}") = "ConsoleApp5", "ConsoleApp5.csproj", "{A2CC409B-C9FA-4AF0-8859-860748EDD30A}"
EndProject
Global
	GlobalSection(SolutionConfigurationPlatforms) = preSolution
		Debug|Any CPU = Debug|Any CPU
		Release|Any CPU = Release|Any CPU
	EndGlobalSection
	GlobalSection(ProjectConfigurationPlatforms) = postSolution
		{A2CC409B-C9FA-4AF0-8859-860748EDD30A}.Debug|Any CPU.ActiveCfg = Debug|Any CPU
		{A2CC409B-C9FA-4AF0-8859-860748EDD30A}.Debug|Any CPU.Build.0 = Debug|Any CPU
		{A2CC409B-C9FA-4AF0-8859-860748EDD30A}.Release|Any CPU.ActiveCfg = Release|Any CPU
		{A2CC409B-C9FA-4AF0-8859-860748EDD30A}.Release|Any CPU.Build.0 = Release|Any CPU
	EndGlobalSection
	GlobalSection(SolutionProperties) = preSolution
		HideSolutionNode = FALSE
	EndGlobalSection
	GlobalSection(ExtensibilityGlobals) = postSolution
		SolutionGuid = {B0BA15F4-E563-46C8-B7A4-0A85B6989421}
	EndGlobalSection
EndGlobal
